
Microsoft Visual Studio Solution File, Format Version 12.00
# Visual Studio Version 16
VisualStudioVersion = 16.0.30114.105
MinimumVisualStudioVersion = 10.0.40219.1
Project("{FAE04EC0-301F-11D3-BF4B-00C04F79EFBC}") = "SalesWebMvc", "SalesWebMvc\SalesWebMvc.csproj", "{5BB58283-F6C3-4503-A786-84A4FB36A197}"
EndProject
Global
	GlobalSection(SolutionConfigurationPlatforms) = preSolution
		Debug|Any CPU = Debug|Any CPU
		Release|Any CPU = Release|Any CPU
	EndGlobalSection
	GlobalSection(ProjectConfigurationPlatforms) = postSolution
		{5BB58283-F6C3-4503-A786-84A4FB36A197}.Debug|Any CPU.ActiveCfg = Debug|Any CPU
		{5BB58283-F6C3-4503-A786-84A4FB36A197}.Debug|Any CPU.Build.0 = Debug|Any CPU
		{5BB58283-F6C3-4503-A786-84A4FB36A197}.Release|Any CPU.ActiveCfg = Release|Any CPU
		{5BB58283-F6C3-4503-A786-84A4FB36A197}.Release|Any CPU.Build.0 = Release|Any CPU
	EndGlobalSection
	GlobalSection(SolutionProperties) = preSolution
		HideSolutionNode = FALSE
	EndGlobalSection
	GlobalSection(ExtensibilityGlobals) = postSolution
		SolutionGuid = {A3D888A4-63C7-4C22-BA93-3010E8ACCF67}
	EndGlobalSection
EndGlobal
